
Microsoft Visual Studio Solution File, Format Version 12.00
# Visual Studio 15
VisualStudioVersion = 15.0.27130.2003
MinimumVisualStudioVersion = 10.0.40219.1
Project("{FAE04EC0-301F-11D3-BF4B-00C04F79EFBC}") = "KeyboardTrainer", "WpfApp1\KeyboardTrainer.csproj", "{7F06D697-C114-412F-AD38-CA08930577AC}"
EndProject
Global
	GlobalSection(SolutionConfigurationPlatforms) = preSolution
		Debug|Any CPU = Debug|Any CPU
		Release|Any CPU = Release|Any CPU
	EndGlobalSection
	GlobalSection(ProjectConfigurationPlatforms) = postSolution
		{7F06D697-C114-412F-AD38-CA08930577AC}.Debug|Any CPU.ActiveCfg = Debug|Any CPU
		{7F06D697-C114-412F-AD38-CA08930577AC}.Debug|Any CPU.Build.0 = Debug|Any CPU
		{7F06D697-C114-412F-AD38-CA08930577AC}.Release|Any CPU.ActiveCfg = Release|Any CPU
		{7F06D697-C114-412F-AD38-CA08930577AC}.Release|Any CPU.Build.0 = Release|Any CPU
	EndGlobalSection
	GlobalSection(SolutionProperties) = preSolution
		HideSolutionNode = FALSE
	EndGlobalSection
	GlobalSection(ExtensibilityGlobals) = postSolution
		SolutionGuid = {D4DD6E5C-5EAE-45B7-8329-CBE9939CE2F1}
	EndGlobalSection
EndGlobal
